
Microsoft Visual Studio Solution File, Format Version 12.00
# Visual Studio Version 17
VisualStudioVersion = 17.10.35013.160
MinimumVisualStudioVersion = 10.0.40219.1
Project("{FAE04EC0-301F-11D3-BF4B-00C04F79EFBC}") = "WireguardVPN", "WireguardVPN\WireguardVPN.csproj", "{F0CB8F8D-1272-400C-B587-684255F67A14}"
EndProject
Global
	GlobalSection(SolutionConfigurationPlatforms) = preSolution
		Debug|Any CPU = Debug|Any CPU
		Release|Any CPU = Release|Any CPU
	EndGlobalSection
	GlobalSection(ProjectConfigurationPlatforms) = postSolution
		{F0CB8F8D-1272-400C-B587-684255F67A14}.Debug|Any CPU.ActiveCfg = Debug|Any CPU
		{F0CB8F8D-1272-400C-B587-684255F67A14}.Debug|Any CPU.Build.0 = Debug|Any CPU
		{F0CB8F8D-1272-400C-B587-684255F67A14}.Debug|Any CPU.Deploy.0 = Debug|Any CPU
		{F0CB8F8D-1272-400C-B587-684255F67A14}.Release|Any CPU.ActiveCfg = Release|Any CPU
		{F0CB8F8D-1272-400C-B587-684255F67A14}.Release|Any CPU.Build.0 = Release|Any CPU
		{F0CB8F8D-1272-400C-B587-684255F67A14}.Release|Any CPU.Deploy.0 = Release|Any CPU
	EndGlobalSection
	GlobalSection(SolutionProperties) = preSolution
		HideSolutionNode = FALSE
	EndGlobalSection
	GlobalSection(ExtensibilityGlobals) = postSolution
		SolutionGuid = {C3E819C5-5FBA-478A-97FD-0656C3BCE35D}
	EndGlobalSection
EndGlobal
